// !$*UTF8*$!
{
	archiveVersion = 1;
	classes = {
	};
	objectVersion = 55;
	objects = {

/* Begin PBXBuildFile section */
		7388AFB32846511A005D3C18 /* AppDelegate.swift in Sources */ = {isa = PBXBuildFile; fileRef = 7388AFB22846511A005D3C18 /* AppDelegate.swift */; };
		7388AFB52846511A005D3C18 /* SceneDelegate.swift in Sources */ = {isa = PBXBuildFile; fileRef = 7388AFB42846511A005D3C18 /* SceneDelegate.swift */; };
		7388AFB72846511A005D3C18 /* ViewController.swift in Sources */ = {isa = PBXBuildFile; fileRef = 7388AFB62846511A005D3C18 /* ViewController.swift */; };
		7388AFBA2846511A005D3C18 /* Main.storyboard in Resources */ = {isa = PBXBuildFile; fileRef = 7388AFB82846511A005D3C18 /* Main.storyboard */; };
		7388AFBC2846511B005D3C18 /* Assets.xcassets in Resources */ = {isa = PBXBuildFile; fileRef = 7388AFBB2846511B005D3C18 /* Assets.xcassets */; };
		7388AFBF2846511B005D3C18 /* LaunchScreen.storyboard in Resources */ = {isa = PBXBuildFile; fileRef = 7388AFBD2846511B005D3C18 /* LaunchScreen.storyboard */; };
		CEDE774BAAC110E47AE6A31F /* Pods_snapKit_practice2.framework in Frameworks */ = {isa = PBXBuildFile; fileRef = ED3E3113DD1ABB541BC3D6BF /* Pods_snapKit_practice2.framework */; };
/* End PBXBuildFile section */

/* Begin PBXFileReference section */
		0964EFFFC7C939BF25355FC8 /* Pods-snapKit_practice2.release.xcconfig */ = {isa = PBXFileReference; includeInIndex = 1; lastKnownFileType = text.xcconfig; name = "Pods-snapKit_practice2.release.xcconfig"; path = "Target Support Files/Pods-snapKit_practice2/Pods-snapKit_practice2.release.xcconfig"; sourceTree = "<group>"; };
		7388AFAF2846511A005D3C18 /* snapKit_practice2.app */ = {isa = PBXFileReference; explicitFileType = wrapper.application; includeInIndex = 0; path = snapKit_practice2.app; sourceTree = BUILT_PRODUCTS_DIR; };
		7388AFB22846511A005D3C18 /* AppDelegate.swift */ = {isa = PBXFileReference; lastKnownFileType = sourcecode.swift; path = AppDelegate.swift; sourceTree = "<group>"; };
		7388AFB42846511A005D3C18 /* SceneDelegate.swift */ = {isa = PBXFileReference; lastKnownFileType = sourcecode.swift; path = SceneDelegate.swift; sourceTree = "<group>"; };
		7388AFB62846511A005D3C18 /* ViewController.swift */ = {isa = PBXFileReference; lastKnownFileType = sourcecode.swift; path = ViewController.swift; sourceTree = "<group>"; };
		7388AFB92846511A005D3C18 /* Base */ = {isa = PBXFileReference; lastKnownFileType = file.storyboard; name = Base; path = Base.lproj/Main.storyboard; sourceTree = "<group>"; };
		7388AFBB2846511B005D3C18 /* Assets.xcassets */ = {isa = PBXFileReference; lastKnownFileType = folder.assetcatalog; path = Assets.xcassets; sourceTree = "<group>"; };
		7388AFBE2846511B005D3C18 /* Base */ = {isa = PBXFileReference; lastKnownFileType = file.storyboard; name = Base; path = Base.lproj/LaunchScreen.storyboard; sourceTree = "<group>"; };
		7388AFC02846511B005D3C18 /* Info.plist */ = {isa = PBXFileReference; lastKnownFileType = text.plist.xml; path = Info.plist; sourceTree = "<group>"; };
		BFE4B7B93F5D450A1D3972A0 /* Pods-snapKit_practice2.debug.xcconfig */ = {isa = PBXFileReference; includeInIndex = 1; lastKnownFileType = text.xcconfig; name = "Pods-snapKit_practice2.debug.xcconfig"; path = "Target Support Files/Pods-snapKit_practice2/Pods-snapKit_practice2.debug.xcconfig"; sourceTree = "<group>"; };
		ED3E3113DD1ABB541BC3D6BF /* Pods_snapKit_practice2.framework */ = {isa = PBXFileReference; explicitFileType = wrapper.framework; includeInIndex = 0; path = Pods_snapKit_practice2.framework; sourceTree = BUILT_PRODUCTS_DIR; };
/* End PBXFileReference section */

/* Begin PBXFrameworksBuildPhase section */
		7388AFAC2846511A005D3C18 /* Frameworks */ = {
			isa = PBXFrameworksBuildPhase;
			buildActionMask = 2147483647;
			files = (
				CEDE774BAAC110E47AE6A31F /* Pods_snapKit_practice2.framework in Frameworks */,
			);
			runOnlyForDeploymentPostprocessing = 0;
		};
/* End PBXFrameworksBuildPhase section */

/* Begin PBXGroup section */
		61F5F313494916694D6E43D8 /* Pods */ = {
			isa = PBXGroup;
			children = (
				BFE4B7B93F5D450A1D3972A0 /* Pods-snapKit_practice2.debug.xcconfig */,
				0964EFFFC7C939BF25355FC8 /* Pods-snapKit_practice2.release.xcconfig */,
			);
			name = Pods;
			path = Pods;
			sourceTree = "<group>";
		};
		7388AFA62846511A005D3C18 = {
			isa = PBXGroup;
			children = (
				7388AFB12846511A005D3C18 /* snapKit_practice2 */,
				7388AFB02846511A005D3C18 /* Products */,
				61F5F313494916694D6E43D8 /* Pods */,
				78F1E62D16B26D6122FE9919 /* Frameworks */,
			);
			sourceTree = "<group>";
		};
		7388AFB02846511A005D3C18 /* Products */ = {
			isa = PBXGroup;
			children = (
				7388AFAF2846511A005D3C18 /* snapKit_practice2.app */,
			);
			name = Products;
			sourceTree = "<group>";
		};
		7388AFB12846511A005D3C18 /* snapKit_practice2 */ = {
			isa = PBXGroup;
			children = (
				7388AFB22846511A005D3C18 /* AppDelegate.swift */,
				7388AFB42846511A005D3C18 /* SceneDelegate.swift */,
				7388AFB62846511A005D3C18 /* ViewController.swift */,
				7388AFB82846511A005D3C18 /* Main.storyboard */,
				7388AFBB2846511B005D3C18 /* Assets.xcassets */,
				7388AFBD2846511B005D3C18 /* LaunchScreen.storyboard */,
				7388AFC02846511B005D3C18 /* Info.plist */,
			);
			path = snapKit_practice2;
			sourceTree = "<group>";
		};
		78F1E62D16B26D6122FE9919 /* Frameworks */ = {
			isa = PBXGroup;
			children = (
				ED3E3113DD1ABB541BC3D6BF /* Pods_snapKit_practice2.framework */,
			);
			name = Frameworks;
			sourceTree = "<group>";
		};
/* End PBXGroup section */

/* Begin PBXNativeTarget section */
		7388AFAE2846511A005D3C18 /* snapKit_practice2 */ = {
			isa = PBXNativeTarget;
			buildConfigurationList = 7388AFC32846511B005D3C18 /* Build configuration list for PBXNativeTarget "snapKit_practice2" */;
			buildPhases = (
				4F4ED64ED98C6251A3198AED /* [CP] Check Pods Manifest.lock */,
				7388AFAB2846511A005D3C18 /* Sources */,
				7388AFAC2846511A005D3C18 /* Frameworks */,
				7388AFAD2846511A005D3C18 /* Resources */,
				2B4A7E55E97A49698DDFA4A9 /* [CP] Embed Pods Frameworks */,
			);
			buildRules = (
			);
			dependencies = (
			);
			name = snapKit_practice2;
			productName = snapKit_practice2;
			productReference = 7388AFAF2846511A005D3C18 /* snapKit_practice2.app */;
			productType = "com.apple.product-type.application";
		};
/* End PBXNativeTarget section */

/* Begin PBXProject section */
		7388AFA72846511A005D3C18 /* Project object */ = {
			isa = PBXProject;
			attributes = {
				BuildIndependentTargetsInParallel = 1;
				LastSwiftUpdateCheck = 1330;
				LastUpgradeCheck = 1330;
				TargetAttributes = {
					7388AFAE2846511A005D3C18 = {
						CreatedOnToolsVersion = 13.3;
					};
				};
			};
			buildConfigurationList = 7388AFAA2846511A005D3C18 /* Build configuration list for PBXProject "snapKit_practice2" */;
			compatibilityVersion = "Xcode 13.0";
			developmentRegion = en;
			hasScannedForEncodings = 0;
			knownRegions = (
				en,
				Base,
			);
			mainGroup = 7388AFA62846511A005D3C18;
			productRefGroup = 7388AFB02846511A005D3C18 /* Products */;
			projectDirPath = "";
			projectRoot = "";
			targets = (
				7388AFAE2846511A005D3C18 /* snapKit_practice2 */,
			);
		};
/* End PBXProject section */

/* Begin PBXResourcesBuildPhase section */
		7388AFAD2846511A005D3C18 /* Resources */ = {
			isa = PBXResourcesBuildPhase;
			buildActionMask = 2147483647;
			files = (
				7388AFBF2846511B005D3C18 /* LaunchScreen.storyboard in Resources */,
				7388AFBC2846511B005D3C18 /* Assets.xcassets in Resources */,
				7388AFBA2846511A005D3C18 /* Main.storyboard in Resources */,
			);
			runOnlyForDeploymentPostprocessing = 0;
		};
/* End PBXResourcesBuildPhase section */

/* Begin PBXShellScriptBuildPhase section */
		2B4A7E55E97A49698DDFA4A9 /* [CP] Embed Pods Frameworks */ = {
			isa = PBXShellScriptBuildPhase;
			buildActionMask = 2147483647;
			files = (
			);
			inputFileListPaths = (
				"${PODS_ROOT}/Target Support Files/Pods-snapKit_practice2/Pods-snapKit_practice2-frameworks-${CONFIGURATION}-input-files.xcfilelist",
			);
			name = "[CP] Embed Pods Frameworks";
			outputFileListPaths = (
				"${PODS_ROOT}/Target Support Files/Pods-snapKit_practice2/Pods-snapKit_practice2-frameworks-${CONFIGURATION}-output-files.xcfilelist",
			);
			runOnlyForDeploymentPostprocessing = 0;
			shellPath = /bin/sh;
			shellScript = "\"${PODS_ROOT}/Target Support Files/Pods-snapKit_practice2/Pods-snapKit_practice2-frameworks.sh\"\n";
			showEnvVarsInLog = 0;
		};
		4F4ED64ED98C6251A3198AED /* [CP] Check Pods Manifest.lock */ = {
			isa = PBXShellScriptBuildPhase;
			buildActionMask = 2147483647;
			files = (
			);
			inputFileListPaths = (
			);
			inputPaths = (
				"${PODS_PODFILE_DIR_PATH}/Podfile.lock",
				"${PODS_ROOT}/Manifest.lock",
			);
			name = "[CP] Check Pods Manifest.lock";
			outputFileListPaths = (
			);
			outputPaths = (
				"$(DERIVED_FILE_DIR)/Pods-snapKit_practice2-checkManifestLockResult.txt",
			);
			runOnlyForDeploymentPostprocessing = 0;
			shellPath = /bin/sh;
			shellScript = "diff \"${PODS_PODFILE_DIR_PATH}/Podfile.lock\" \"${PODS_ROOT}/Manifest.lock\" > /dev/null\nif [ $? != 0 ] ; then\n    # print error to STDERR\n    echo \"error: The sandbox is not in sync with the Podfile.lock. Run 'pod install' or update your CocoaPods installation.\" >&2\n    exit 1\nfi\n# This output is used by Xcode 'outputs' to avoid re-running this script phase.\necho \"SUCCESS\" > \"${SCRIPT_OUTPUT_FILE_0}\"\n";
			showEnvVarsInLog = 0;
		};
/* End PBXShellScriptBuildPhase section */

/* Begin PBXSourcesBuildPhase section */
		7388AFAB2846511A005D3C18 /* Sources */ = {
			isa = PBXSourcesBuildPhase;
			buildActionMask = 2147483647;
			files = (
				7388AFB72846511A005D3C18 /* ViewController.swift in Sources */,
				7388AFB32846511A005D3C18 /* AppDelegate.swift in Sources */,
				7388AFB52846511A005D3C18 /* SceneDelegate.swift in Sources */,
			);
			runOnlyForDeploymentPostprocessing = 0;
		};
/* End PBXSourcesBuildPhase section */

/* Begin PBXVariantGroup section */
		7388AFB82846511A005D3C18 /* Main.storyboard */ = {
			isa = PBXVariantGroup;
			children = (
				7388AFB92846511A005D3C18 /* Base */,
			);
			name = Main.storyboard;
			sourceTree = "<group>";
		};
		7388AFBD2846511B005D3C18 /* LaunchScreen.storyboard */ = {
			isa = PBXVariantGroup;
			children = (
				7388AFBE2846511B005D3C18 /* Base */,
			);
			name = LaunchScreen.storyboard;
			sourceTree = "<group>";
		};
/* End PBXVariantGroup section */

/* Begin XCBuildConfiguration section */
		7388AFC12846511B005D3C18 /* Debug */ = {
			isa = XCBuildConfiguration;
			buildSettings = {
				ALWAYS_SEARCH_USER_PATHS = NO;
				CLANG_ANALYZER_NONNULL = YES;
				CLANG_ANALYZER_NUMBER_OBJECT_CONVERSION = YES_AGGRESSIVE;
				CLANG_CXX_LANGUAGE_STANDARD = "gnu++17";
				CLANG_ENABLE_MODULES = YES;
				CLANG_ENABLE_OBJC_ARC = YES;
				CLANG_ENABLE_OBJC_WEAK = YES;
				CLANG_WARN_BLOCK_CAPTURE_AUTORELEASING = YES;
				CLANG_WARN_BOOL_CONVERSION = YES;
				CLANG_WARN_COMMA = YES;
				CLANG_WARN_CONSTANT_CONVERSION = YES;
				CLANG_WARN_DEPRECATED_OBJC_IMPLEMENTATIONS = YES;
				CLANG_WARN_DIRECT_OBJC_ISA_USAGE = YES_ERROR;
				CLANG_WARN_DOCUMENTATION_COMMENTS = YES;
				CLANG_WARN_EMPTY_BODY = YES;
				CLANG_WARN_ENUM_CONVERSION = YES;
				CLANG_WARN_INFINITE_RECURSION = YES;
				CLANG_WARN_INT_CONVERSION = YES;
				CLANG_WARN_NON_LITERAL_NULL_CONVERSION = YES;
				CLANG_WARN_OBJC_IMPLICIT_RETAIN_SELF = YES;
				CLANG_WARN_OBJC_LITERAL_CONVERSION = YES;
				CLANG_WARN_OBJC_ROOT_CLASS = YES_ERROR;
				CLANG_WARN_QUOTED_INCLUDE_IN_FRAMEWORK_HEADER = YES;
				CLANG_WARN_RANGE_LOOP_ANALYSIS = YES;
				CLANG_WARN_STRICT_PROTOTYPES = YES;
				CLANG_WARN_SUSPICIOUS_MOVE = YES;
				CLANG_WARN_UNGUARDED_AVAILABILITY = YES_AGGRESSIVE;
				CLANG_WARN_UNREACHABLE_CODE = YES;
				CLANG_WARN__DUPLICATE_METHOD_MATCH = YES;
				COPY_PHASE_STRIP = NO;
				DEBUG_INFORMATION_FORMAT = dwarf;
				ENABLE_STRICT_OBJC_MSGSEND = YES;
				ENABLE_TESTABILITY = YES;
				GCC_C_LANGUAGE_STANDARD = gnu11;
				GCC_DYNAMIC_NO_PIC = NO;
				GCC_NO_COMMON_BLOCKS = YES;
				GCC_OPTIMIZATION_LEVEL = 0;
				GCC_PREPROCESSOR_DEFINITIONS = (
					"DEBUG=1",
					"$(inherited)",
				);
				GCC_WARN_64_TO_32_BIT_CONVERSION = YES;
				GCC_WARN_ABOUT_RETURN_TYPE = YES_ERROR;
				GCC_WARN_UNDECLARED_SELECTOR = YES;
				GCC_WARN_UNINITIALIZED_AUTOS = YES_AGGRESSIVE;
				GCC_WARN_UNUSED_FUNCTION = YES;
				GCC_WARN_UNUSED_VARIABLE = YES;
				IPHONEOS_DEPLOYMENT_TARGET = 15.4;
				MTL_ENABLE_DEBUG_INFO = INCLUDE_SOURCE;
				MTL_FAST_MATH = YES;
				ONLY_ACTIVE_ARCH = YES;
				SDKROOT = iphoneos;
				SWIFT_ACTIVE_COMPILATION_CONDITIONS = DEBUG;
				SWIFT_OPTIMIZATION_LEVEL = "-Onone";
			};
			name = Debug;
		};
		7388AFC22846511B005D3C18 /* Release */ = {
			isa = XCBuildConfiguration;
			buildSettings = {
				ALWAYS_SEARCH_USER_PATHS = NO;
				CLANG_ANALYZER_NONNULL = YES;
				CLANG_ANALYZER_NUMBER_OBJECT_CONVERSION = YES_AGGRESSIVE;
				CLANG_CXX_LANGUAGE_STANDARD = "gnu++17";
				CLANG_ENABLE_MODULES = YES;
				CLANG_ENABLE_OBJC_ARC = YES;
				CLANG_ENABLE_OBJC_WEAK = YES;
				CLANG_WARN_BLOCK_CAPTURE_AUTORELEASING = YES;
				CLANG_WARN_BOOL_CONVERSION = YES;
				CLANG_WARN_COMMA = YES;
				CLANG_WARN_CONSTANT_CONVERSION = YES;
				CLANG_WARN_DEPRECATED_OBJC_IMPLEMENTATIONS = YES;
				CLANG_WARN_DIRECT_OBJC_ISA_USAGE = YES_ERROR;
				CLANG_WARN_DOCUMENTATION_COMMENTS = YES;
				CLANG_WARN_EMPTY_BODY = YES;
				CLANG_WARN_ENUM_CONVERSION = YES;
				CLANG_WARN_INFINITE_RECURSION = YES;
				CLANG_WARN_INT_CONVERSION = YES;
				CLANG_WARN_NON_LITERAL_NULL_CONVERSION = YES;
				CLANG_WARN_OBJC_IMPLICIT_RETAIN_SELF = YES;
				CLANG_WARN_OBJC_LITERAL_CONVERSION = YES;
				CLANG_WARN_OBJC_ROOT_CLASS = YES_ERROR;
				CLANG_WARN_QUOTED_INCLUDE_IN_FRAMEWORK_HEADER = YES;
				CLANG_WARN_RANGE_LOOP_ANALYSIS = YES;
				CLANG_WARN_STRICT_PROTOTYPES = YES;
				CLANG_WARN_SUSPICIOUS_MOVE = YES;
				CLANG_WARN_UNGUARDED_AVAILABILITY = YES_AGGRESSIVE;
				CLANG_WARN_UNREACHABLE_CODE = YES;
				CLANG_WARN__DUPLICATE_METHOD_MATCH = YES;
				COPY_PHASE_STRIP = NO;
				DEBUG_INFORMATION_FORMAT = "dwarf-with-dsym";
				ENABLE_NS_ASSERTIONS = NO;
				ENABLE_STRICT_OBJC_MSGSEND = YES;
				GCC_C_LANGUAGE_STANDARD = gnu11;
				GCC_NO_COMMON_BLOCKS = YES;
				GCC_WARN_64_TO_32_BIT_CONVERSION = YES;
				GCC_WARN_ABOUT_RETURN_TYPE = YES_ERROR;
				GCC_WARN_UNDECLARED_SELECTOR = YES;
				GCC_WARN_UNINITIALIZED_AUTOS = YES_AGGRESSIVE;
				GCC_WARN_UNUSED_FUNCTION = YES;
				GCC_WARN_UNUSED_VARIABLE = YES;
				IPHONEOS_DEPLOYMENT_TARGET = 15.4;
				MTL_ENABLE_DEBUG_INFO = NO;
				MTL_FAST_MATH = YES;
				SDKROOT = iphoneos;
				SWIFT_COMPILATION_MODE = wholemodule;
				SWIFT_OPTIMIZATION_LEVEL = "-O";
				VALIDATE_PRODUCT = YES;
			};
			name = Release;
		};
		7388AFC42846511B005D3C18 /* Debug */ = {
			isa = XCBuildConfiguration;
			baseConfigurationReference = BFE4B7B93F5D450A1D3972A0 /* Pods-snapKit_practice2.debug.xcconfig */;
			buildSettings = {
				ASSETCATALOG_COMPILER_APPICON_NAME = AppIcon;
				ASSETCATALOG_COMPILER_GLOBAL_ACCENT_COLOR_NAME = AccentColor;
				CODE_SIGN_STYLE = Automatic;
				CURRENT_PROJECT_VERSION = 1;
				GENERATE_INFOPLIST_FILE = YES;
				INFOPLIST_FILE = snapKit_practice2/Info.plist;
				INFOPLIST_KEY_UIApplicationSupportsIndirectInputEvents = YES;
				INFOPLIST_KEY_UILaunchStoryboardName = LaunchScreen;
				INFOPLIST_KEY_UIMainStoryboardFile = Main;
				INFOPLIST_KEY_UISupportedInterfaceOrientations_iPad = "UIInterfaceOrientationPortrait UIInterfaceOrientationPortraitUpsideDown UIInterfaceOrientationLandscapeLeft UIInterfaceOrientationLandscapeRight";
				INFOPLIST_KEY_UISupportedInterfaceOrientations_iPhone = "UIInterfaceOrientationPortrait UIInterfaceOrientationLandscapeLeft UIInterfaceOrientationLandscapeRight";
				LD_RUNPATH_SEARCH_PATHS = (
					"$(inherited)",
					"@executable_path/Frameworks",
				);
				MARKETING_VERSION = 1.0;
				PRODUCT_BUNDLE_IDENTIFIER = "jooyoung.snapKit-practice2";
				PRODUCT_NAME = "$(TARGET_NAME)";
				SWIFT_EMIT_LOC_STRINGS = YES;
				SWIFT_VERSION = 5.0;
				TARGETED_DEVICE_FAMILY = "1,2";
			};
			name = Debug;
		};
		7388AFC52846511B005D3C18 /* Release */ = {
			isa = XCBuildConfiguration;
			baseConfigurationReference = 0964EFFFC7C939BF25355FC8 /* Pods-snapKit_practice2.release.xcconfig */;
			buildSettings = {
				ASSETCATALOG_COMPILER_APPICON_NAME = AppIcon;
				ASSETCATALOG_COMPILER_GLOBAL_ACCENT_COLOR_NAME = AccentColor;
				CODE_SIGN_STYLE = Automatic;
				CURRENT_PROJECT_VERSION = 1;
				GENERATE_INFOPLIST_FILE = YES;
				INFOPLIST_FILE = snapKit_practice2/Info.plist;
				INFOPLIST_KEY_UIApplicationSupportsIndirectInputEvents = YES;
				INFOPLIST_KEY_UILaunchStoryboardName = LaunchScreen;
				INFOPLIST_KEY_UIMainStoryboardFile = Main;
				INFOPLIST_KEY_UISupportedInterfaceOrientations_iPad = "UIInterfaceOrientationPortrait UIInterfaceOrientationPortraitUpsideDown UIInterfaceOrientationLandscapeLeft UIInterfaceOrientationLandscapeRight";
				INFOPLIST_KEY_UISupportedInterfaceOrientations_iPhone = "UIInterfaceOrientationPortrait UIInterfaceOrientationLandscapeLeft UIInterfaceOrientationLandscapeRight";
				LD_RUNPATH_SEARCH_PATHS = (
					"$(inherited)",
					"@executable_path/Frameworks",
				);
				MARKETING_VERSION = 1.0;
				PRODUCT_BUNDLE_IDENTIFIER = "jooyoung.snapKit-practice2";
				PRODUCT_NAME = "$(TARGET_NAME)";
				SWIFT_EMIT_LOC_STRINGS = YES;
				SWIFT_VERSION = 5.0;
				TARGETED_DEVICE_FAMILY = "1,2";
			};
			name = Release;
		};
/* End XCBuildConfiguration section */

/* Begin XCConfigurationList section */
		7388AFAA2846511A005D3C18 /* Build configuration list for PBXProject "snapKit_practice2" */ = {
			isa = XCConfigurationList;
			buildConfigurations = (
				7388AFC12846511B005D3C18 /* Debug */,
				7388AFC22846511B005D3C18 /* Release */,
			);
			defaultConfigurationIsVisible = 0;
			defaultConfigurationName = Release;
		};
		7388AFC32846511B005D3C18 /* Build configuration list for PBXNativeTarget "snapKit_practice2" */ = {
			isa = XCConfigurationList;
			buildConfigurations = (
				7388AFC42846511B005D3C18 /* Debug */,
				7388AFC52846511B005D3C18 /* Release */,
			);
			defaultConfigurationIsVisible = 0;
			defaultConfigurationName = Release;
		};
/* End XCConfigurationList section */
	};
	rootObject = 7388AFA72846511A005D3C18 /* Project object */;
}
